{
  "name": "bitcar",
  "version": "1.6.0",
  "dependencies": {
    "ansi-escapes": {
      "version": "1.4.0",
      "from": "ansi-escapes@>=1.1.0 <2.0.0",
      "resolved": "https://registry.npmjs.org/ansi-escapes/-/ansi-escapes-1.4.0.tgz"
    },
    "ansi-regex": {
      "version": "2.1.1",
      "from": "ansi-regex@>=2.0.0 <3.0.0",
      "resolved": "https://registry.npmjs.org/ansi-regex/-/ansi-regex-2.1.1.tgz"
    },
    "ansi-styles": {
      "version": "2.2.1",
      "from": "ansi-styles@>=2.2.1 <3.0.0",
      "resolved": "https://registry.npmjs.org/ansi-styles/-/ansi-styles-2.2.1.tgz"
    },
    "array-differ": {
      "version": "1.0.0",
      "from": "array-differ@>=1.0.0 <2.0.0",
      "resolved": "https://registry.npmjs.org/array-differ/-/array-differ-1.0.0.tgz"
    },
    "array-union": {
      "version": "1.0.2",
      "from": "array-union@>=1.0.1 <2.0.0",
      "resolved": "https://registry.npmjs.org/array-union/-/array-union-1.0.2.tgz"
    },
    "array-uniq": {
      "version": "1.0.3",
      "from": "array-uniq@>=1.0.1 <2.0.0",
      "resolved": "https://registry.npmjs.org/array-uniq/-/array-uniq-1.0.3.tgz"
    },
    "arrify": {
      "version": "1.0.1",
      "from": "arrify@>=1.0.0 <2.0.0",
      "resolved": "https://registry.npmjs.org/arrify/-/arrify-1.0.1.tgz"
    },
    "axios": {
      "version": "0.15.3",
      "from": "axios@>=0.15.3 <0.16.0",
      "resolved": "https://registry.npmjs.org/axios/-/axios-0.15.3.tgz"
    },
    "balanced-match": {
      "version": "0.4.2",
      "from": "balanced-match@>=0.4.1 <0.5.0",
      "resolved": "https://registry.npmjs.org/balanced-match/-/balanced-match-0.4.2.tgz"
    },
    "bluebird": {
      "version": "3.5.0",
      "from": "bluebird@>=3.4.7 <4.0.0",
      "resolved": "https://registry.npmjs.org/bluebird/-/bluebird-3.5.0.tgz"
    },
    "brace-expansion": {
      "version": "1.1.6",
      "from": "brace-expansion@>=1.0.0 <2.0.0",
      "resolved": "https://registry.npmjs.org/brace-expansion/-/brace-expansion-1.1.6.tgz"
    },
    "buffer-shims": {
      "version": "1.0.0",
      "from": "buffer-shims@>=1.0.0 <2.0.0",
      "resolved": "https://registry.npmjs.org/buffer-shims/-/buffer-shims-1.0.0.tgz"
    },
    "chalk": {
      "version": "1.1.3",
      "from": "chalk@>=1.1.3 <2.0.0",
      "resolved": "https://registry.npmjs.org/chalk/-/chalk-1.1.3.tgz"
    },
    "cli-cursor": {
      "version": "2.1.0",
      "from": "cli-cursor@>=2.1.0 <3.0.0",
      "resolved": "https://registry.npmjs.org/cli-cursor/-/cli-cursor-2.1.0.tgz"
    },
    "cli-width": {
      "version": "2.1.0",
      "from": "cli-width@>=2.0.0 <3.0.0",
      "resolved": "https://registry.npmjs.org/cli-width/-/cli-width-2.1.0.tgz"
    },
    "clone": {
      "version": "1.0.2",
      "from": "clone@>=1.0.0 <2.0.0",
      "resolved": "https://registry.npmjs.org/clone/-/clone-1.0.2.tgz"
    },
    "clone-buffer": {
      "version": "1.0.0",
      "from": "clone-buffer@>=1.0.0 <2.0.0",
      "resolved": "https://registry.npmjs.org/clone-buffer/-/clone-buffer-1.0.0.tgz"
    },
    "clone-stats": {
      "version": "0.0.1",
      "from": "clone-stats@>=0.0.1 <0.0.2",
      "resolved": "https://registry.npmjs.org/clone-stats/-/clone-stats-0.0.1.tgz"
    },
    "cloneable-readable": {
      "version": "1.0.0",
      "from": "cloneable-readable@>=1.0.0 <2.0.0",
      "resolved": "https://registry.npmjs.org/cloneable-readable/-/cloneable-readable-1.0.0.tgz"
    },
    "commondir": {
      "version": "1.0.1",
      "from": "commondir@>=1.0.1 <2.0.0",
      "resolved": "https://registry.npmjs.org/commondir/-/commondir-1.0.1.tgz"
    },
    "concat-map": {
      "version": "0.0.1",
      "from": "concat-map@0.0.1",
      "resolved": "https://registry.npmjs.org/concat-map/-/concat-map-0.0.1.tgz"
    },
    "core-util-is": {
      "version": "1.0.2",
      "from": "core-util-is@>=1.0.0 <1.1.0",
      "resolved": "https://registry.npmjs.org/core-util-is/-/core-util-is-1.0.2.tgz"
    },
    "debug": {
      "version": "2.6.2",
      "from": "debug@>=2.2.0 <3.0.0",
      "resolved": "https://registry.npmjs.org/debug/-/debug-2.6.2.tgz"
    },
    "deep-extend": {
      "version": "0.4.1",
      "from": "deep-extend@>=0.4.0 <0.5.0",
      "resolved": "https://registry.npmjs.org/deep-extend/-/deep-extend-0.4.1.tgz"
    },
    "ejs": {
      "version": "2.5.6",
      "from": "ejs@>=2.3.1 <3.0.0",
      "resolved": "https://registry.npmjs.org/ejs/-/ejs-2.5.6.tgz"
    },
    "escape-string-regexp": {
      "version": "1.0.5",
      "from": "escape-string-regexp@>=1.0.2 <2.0.0",
      "resolved": "https://registry.npmjs.org/escape-string-regexp/-/escape-string-regexp-1.0.5.tgz"
    },
    "external-editor": {
      "version": "2.0.1",
      "from": "external-editor@>=2.0.1 <3.0.0",
      "resolved": "https://registry.npmjs.org/external-editor/-/external-editor-2.0.1.tgz"
    },
    "figures": {
      "version": "2.0.0",
      "from": "figures@>=2.0.0 <3.0.0",
      "resolved": "https://registry.npmjs.org/figures/-/figures-2.0.0.tgz"
    },
    "first-chunk-stream": {
      "version": "2.0.0",
      "from": "first-chunk-stream@>=2.0.0 <3.0.0",
      "resolved": "https://registry.npmjs.org/first-chunk-stream/-/first-chunk-stream-2.0.0.tgz"
    },
    "follow-redirects": {
      "version": "1.0.0",
      "from": "follow-redirects@1.0.0",
      "resolved": "https://registry.npmjs.org/follow-redirects/-/follow-redirects-1.0.0.tgz"
    },
    "fs.realpath": {
      "version": "1.0.0",
      "from": "fs.realpath@>=1.0.0 <2.0.0",
      "resolved": "https://registry.npmjs.org/fs.realpath/-/fs.realpath-1.0.0.tgz"
    },
    "glob": {
      "version": "7.1.1",
      "from": "glob@>=7.0.3 <8.0.0",
      "resolved": "https://registry.npmjs.org/glob/-/glob-7.1.1.tgz"
    },
    "globby": {
      "version": "6.1.0",
      "from": "globby@>=6.1.0 <7.0.0",
      "resolved": "https://registry.npmjs.org/globby/-/globby-6.1.0.tgz"
    },
    "graceful-fs": {
      "version": "4.1.11",
      "from": "graceful-fs@>=4.1.2 <5.0.0",
      "resolved": "https://registry.npmjs.org/graceful-fs/-/graceful-fs-4.1.11.tgz"
    },
    "has-ansi": {
      "version": "2.0.0",
      "from": "has-ansi@>=2.0.0 <3.0.0",
      "resolved": "https://registry.npmjs.org/has-ansi/-/has-ansi-2.0.0.tgz"
    },
    "inflight": {
      "version": "1.0.6",
      "from": "inflight@>=1.0.4 <2.0.0",
      "resolved": "https://registry.npmjs.org/inflight/-/inflight-1.0.6.tgz"
    },
    "inherits": {
      "version": "2.0.3",
      "from": "inherits@>=2.0.1 <2.1.0",
      "resolved": "https://registry.npmjs.org/inherits/-/inherits-2.0.3.tgz"
    },
    "ini": {
      "version": "1.3.4",
      "from": "ini@>=1.3.0 <1.4.0",
      "resolved": "https://registry.npmjs.org/ini/-/ini-1.3.4.tgz"
    },
    "inquirer": {
      "version": "3.0.6",
      "from": "inquirer@>=3.0.1 <4.0.0",
      "resolved": "https://registry.npmjs.org/inquirer/-/inquirer-3.0.6.tgz"
    },
    "is-fullwidth-code-point": {
      "version": "2.0.0",
      "from": "is-fullwidth-code-point@>=2.0.0 <3.0.0",
      "resolved": "https://registry.npmjs.org/is-fullwidth-code-point/-/is-fullwidth-code-point-2.0.0.tgz"
    },
    "is-promise": {
      "version": "2.1.0",
      "from": "is-promise@>=2.1.0 <3.0.0",
      "resolved": "https://registry.npmjs.org/is-promise/-/is-promise-2.1.0.tgz"
    },
    "is-stream": {
      "version": "1.1.0",
      "from": "is-stream@>=1.1.0 <2.0.0",
      "resolved": "https://registry.npmjs.org/is-stream/-/is-stream-1.1.0.tgz"
    },
    "is-utf8": {
      "version": "0.2.1",
      "from": "is-utf8@>=0.2.0 <0.3.0",
      "resolved": "https://registry.npmjs.org/is-utf8/-/is-utf8-0.2.1.tgz"
    },
    "isarray": {
      "version": "1.0.0",
      "from": "isarray@>=1.0.0 <1.1.0",
      "resolved": "https://registry.npmjs.org/isarray/-/isarray-1.0.0.tgz"
    },
    "lodash": {
      "version": "4.17.4",
      "from": "lodash@>=4.17.4 <5.0.0",
      "resolved": "https://registry.npmjs.org/lodash/-/lodash-4.17.4.tgz"
    },
    "mem-fs": {
      "version": "1.1.3",
      "from": "mem-fs@>=1.1.3 <2.0.0",
      "resolved": "https://registry.npmjs.org/mem-fs/-/mem-fs-1.1.3.tgz"
    },
    "mem-fs-editor": {
      "version": "3.0.2",
      "from": "mem-fs-editor@>=3.0.2 <4.0.0",
      "resolved": "https://registry.npmjs.org/mem-fs-editor/-/mem-fs-editor-3.0.2.tgz",
      "dependencies": {
        "clone-stats": {
          "version": "1.0.0",
          "from": "clone-stats@>=1.0.0 <2.0.0",
          "resolved": "https://registry.npmjs.org/clone-stats/-/clone-stats-1.0.0.tgz"
        },
        "replace-ext": {
          "version": "1.0.0",
          "from": "replace-ext@>=1.0.0 <2.0.0",
          "resolved": "https://registry.npmjs.org/replace-ext/-/replace-ext-1.0.0.tgz"
        },
        "vinyl": {
          "version": "2.0.1",
          "from": "vinyl@>=2.0.1 <3.0.0",
          "resolved": "https://registry.npmjs.org/vinyl/-/vinyl-2.0.1.tgz"
        }
      }
    },
    "mimic-fn": {
      "version": "1.1.0",
      "from": "mimic-fn@>=1.0.0 <2.0.0",
      "resolved": "https://registry.npmjs.org/mimic-fn/-/mimic-fn-1.1.0.tgz"
    },
    "minimatch": {
      "version": "3.0.3",
      "from": "minimatch@>=3.0.2 <4.0.0",
      "resolved": "https://registry.npmjs.org/minimatch/-/minimatch-3.0.3.tgz"
    },
    "minimist": {
      "version": "1.2.0",
      "from": "minimist@>=1.2.0 <2.0.0",
      "resolved": "https://registry.npmjs.org/minimist/-/minimist-1.2.0.tgz"
    },
    "mkdirp": {
      "version": "0.5.1",
      "from": "mkdirp@>=0.5.1 <0.6.0",
      "resolved": "https://registry.npmjs.org/mkdirp/-/mkdirp-0.5.1.tgz",
      "dependencies": {
        "minimist": {
          "version": "0.0.8",
          "from": "minimist@0.0.8",
          "resolved": "https://registry.npmjs.org/minimist/-/minimist-0.0.8.tgz"
        }
      }
    },
    "ms": {
      "version": "0.7.2",
      "from": "ms@0.7.2",
      "resolved": "https://registry.npmjs.org/ms/-/ms-0.7.2.tgz"
    },
    "multimatch": {
      "version": "2.1.0",
      "from": "multimatch@>=2.0.0 <3.0.0",
      "resolved": "https://registry.npmjs.org/multimatch/-/multimatch-2.1.0.tgz"
    },
    "mute-stream": {
      "version": "0.0.7",
      "from": "mute-stream@0.0.7",
      "resolved": "https://registry.npmjs.org/mute-stream/-/mute-stream-0.0.7.tgz"
    },
    "object-assign": {
      "version": "4.1.1",
      "from": "object-assign@>=4.0.1 <5.0.0",
      "resolved": "https://registry.npmjs.org/object-assign/-/object-assign-4.1.1.tgz"
    },
    "omelette": {
      "version": "0.3.2",
      "from": "omelette@>=0.3.1 <0.4.0",
      "resolved": "https://registry.npmjs.org/omelette/-/omelette-0.3.2.tgz"
    },
    "once": {
      "version": "1.4.0",
      "from": "once@>=1.3.0 <2.0.0",
      "resolved": "https://registry.npmjs.org/once/-/once-1.4.0.tgz"
    },
    "onetime": {
      "version": "2.0.0",
      "from": "onetime@>=2.0.0 <3.0.0",
      "resolved": "https://registry.npmjs.org/onetime/-/onetime-2.0.0.tgz"
    },
    "open": {
      "version": "0.0.5",
      "from": "open@0.0.5",
      "resolved": "https://registry.npmjs.org/open/-/open-0.0.5.tgz"
    },
    "os-tmpdir": {
      "version": "1.0.2",
      "from": "os-tmpdir@>=1.0.1 <1.1.0",
      "resolved": "https://registry.npmjs.org/os-tmpdir/-/os-tmpdir-1.0.2.tgz"
    },
    "path-is-absolute": {
      "version": "1.0.1",
      "from": "path-is-absolute@>=1.0.0 <2.0.0",
      "resolved": "https://registry.npmjs.org/path-is-absolute/-/path-is-absolute-1.0.1.tgz"
    },
    "pify": {
      "version": "2.3.0",
      "from": "pify@>=2.3.0 <3.0.0",
      "resolved": "https://registry.npmjs.org/pify/-/pify-2.3.0.tgz"
    },
    "pinkie": {
      "version": "2.0.4",
      "from": "pinkie@>=2.0.0 <3.0.0",
      "resolved": "https://registry.npmjs.org/pinkie/-/pinkie-2.0.4.tgz"
    },
    "pinkie-promise": {
      "version": "2.0.1",
      "from": "pinkie-promise@>=2.0.0 <3.0.0",
      "resolved": "https://registry.npmjs.org/pinkie-promise/-/pinkie-promise-2.0.1.tgz"
    },
    "process-nextick-args": {
      "version": "1.0.7",
      "from": "process-nextick-args@>=1.0.6 <1.1.0",
      "resolved": "https://registry.npmjs.org/process-nextick-args/-/process-nextick-args-1.0.7.tgz"
    },
    "rc": {
      "version": "1.1.7",
      "from": "rc@>=1.1.6 <2.0.0",
      "resolved": "https://registry.npmjs.org/rc/-/rc-1.1.7.tgz"
    },
    "readable-stream": {
      "version": "2.2.3",
      "from": "readable-stream@>=2.1.5 <3.0.0",
      "resolved": "https://registry.npmjs.org/readable-stream/-/readable-stream-2.2.3.tgz"
    },
    "readdirp": {
      "version": "2.1.0",
      "from": "readdirp@>=2.1.0 <3.0.0",
      "resolved": "https://registry.npmjs.org/readdirp/-/readdirp-2.1.0.tgz"
    },
    "remove-trailing-separator": {
      "version": "1.0.1",
      "from": "remove-trailing-separator@>=1.0.1 <2.0.0",
      "resolved": "https://registry.npmjs.org/remove-trailing-separator/-/remove-trailing-separator-1.0.1.tgz"
    },
    "replace-ext": {
      "version": "0.0.1",
      "from": "replace-ext@0.0.1",
      "resolved": "https://registry.npmjs.org/replace-ext/-/replace-ext-0.0.1.tgz"
    },
    "restore-cursor": {
      "version": "2.0.0",
      "from": "restore-cursor@>=2.0.0 <3.0.0",
      "resolved": "https://registry.npmjs.org/restore-cursor/-/restore-cursor-2.0.0.tgz"
    },
    "rimraf": {
      "version": "2.6.1",
      "from": "rimraf@>=2.2.8 <3.0.0",
      "resolved": "https://registry.npmjs.org/rimraf/-/rimraf-2.6.1.tgz"
    },
    "run-async": {
      "version": "2.3.0",
      "from": "run-async@>=2.2.0 <3.0.0",
      "resolved": "https://registry.npmjs.org/run-async/-/run-async-2.3.0.tgz"
    },
    "rx": {
      "version": "4.1.0",
      "from": "rx@>=4.1.0 <5.0.0",
      "resolved": "https://registry.npmjs.org/rx/-/rx-4.1.0.tgz"
    },
    "set-immediate-shim": {
      "version": "1.0.1",
      "from": "set-immediate-shim@>=1.0.1 <2.0.0",
      "resolved": "https://registry.npmjs.org/set-immediate-shim/-/set-immediate-shim-1.0.1.tgz"
    },
    "signal-exit": {
      "version": "3.0.2",
      "from": "signal-exit@>=3.0.2 <4.0.0",
      "resolved": "https://registry.npmjs.org/signal-exit/-/signal-exit-3.0.2.tgz"
    },
    "simple-git": {
      "version": "1.67.0",
      "from": "simple-git@>=1.65.0 <2.0.0",
      "resolved": "https://registry.npmjs.org/simple-git/-/simple-git-1.67.0.tgz"
    },
    "string_decoder": {
      "version": "0.10.31",
      "from": "string_decoder@>=0.10.0 <0.11.0",
      "resolved": "https://registry.npmjs.org/string_decoder/-/string_decoder-0.10.31.tgz"
    },
    "string-width": {
      "version": "2.0.0",
      "from": "string-width@>=2.0.0 <3.0.0",
      "resolved": "https://registry.npmjs.org/string-width/-/string-width-2.0.0.tgz"
    },
    "strip-ansi": {
      "version": "3.0.1",
      "from": "strip-ansi@>=3.0.0 <4.0.0",
      "resolved": "https://registry.npmjs.org/strip-ansi/-/strip-ansi-3.0.1.tgz"
    },
    "strip-bom": {
      "version": "2.0.0",
      "from": "strip-bom@>=2.0.0 <3.0.0",
      "resolved": "https://registry.npmjs.org/strip-bom/-/strip-bom-2.0.0.tgz"
    },
    "strip-bom-stream": {
      "version": "2.0.0",
      "from": "strip-bom-stream@>=2.0.0 <3.0.0",
      "resolved": "https://registry.npmjs.org/strip-bom-stream/-/strip-bom-stream-2.0.0.tgz"
    },
    "strip-json-comments": {
      "version": "2.0.1",
      "from": "strip-json-comments@>=2.0.1 <2.1.0",
      "resolved": "https://registry.npmjs.org/strip-json-comments/-/strip-json-comments-2.0.1.tgz"
    },
    "supports-color": {
      "version": "2.0.0",
      "from": "supports-color@>=2.0.0 <3.0.0",
      "resolved": "https://registry.npmjs.org/supports-color/-/supports-color-2.0.0.tgz"
    },
    "through": {
      "version": "2.3.8",
      "from": "through@>=2.3.6 <3.0.0",
      "resolved": "https://registry.npmjs.org/through/-/through-2.3.8.tgz"
    },
    "through2": {
      "version": "2.0.3",
      "from": "through2@>=2.0.0 <3.0.0",
      "resolved": "https://registry.npmjs.org/through2/-/through2-2.0.3.tgz"
    },
    "tmp": {
      "version": "0.0.31",
      "from": "tmp@>=0.0.31 <0.0.32",
      "resolved": "https://registry.npmjs.org/tmp/-/tmp-0.0.31.tgz"
    },
    "util-deprecate": {
      "version": "1.0.2",
      "from": "util-deprecate@>=1.0.1 <1.1.0",
      "resolved": "https://registry.npmjs.org/util-deprecate/-/util-deprecate-1.0.2.tgz"
    },
    "vinyl": {
      "version": "1.2.0",
      "from": "vinyl@>=1.1.0 <2.0.0",
      "resolved": "https://registry.npmjs.org/vinyl/-/vinyl-1.2.0.tgz"
    },
    "vinyl-file": {
      "version": "2.0.0",
      "from": "vinyl-file@>=2.0.0 <3.0.0",
      "resolved": "https://registry.npmjs.org/vinyl-file/-/vinyl-file-2.0.0.tgz"
    },
    "wrappy": {
      "version": "1.0.2",
      "from": "wrappy@>=1.0.0 <2.0.0",
      "resolved": "https://registry.npmjs.org/wrappy/-/wrappy-1.0.2.tgz"
    },
    "xtend": {
      "version": "4.0.1",
      "from": "xtend@>=4.0.1 <4.1.0",
      "resolved": "https://registry.npmjs.org/xtend/-/xtend-4.0.1.tgz"
    }
  }
}
